// !$*UTF8*$!
{
	archiveVersion = 1;
	classes = {
	};
	objectVersion = 46;
	objects = {

/* Begin PBXBuildFile section */
		C77469FD1F31D1040076972E /* csv.swift in Sources */ = {isa = PBXBuildFile; fileRef = C77469FC1F31D1040076972E /* csv.swift */; };
		C77469FF1F31EDBA0076972E /* Pokemon Solid.ttf in Resources */ = {isa = PBXBuildFile; fileRef = C77469FE1F31EDBA0076972E /* Pokemon Solid.ttf */; };
		C77BC5341F306CDC003FD813 /* pokemon.csv in Resources */ = {isa = PBXBuildFile; fileRef = C77BC5331F306CDC003FD813 /* pokemon.csv */; };
		C77BC5371F306F14003FD813 /* Pokemon.swift in Sources */ = {isa = PBXBuildFile; fileRef = C77BC5361F306F14003FD813 /* Pokemon.swift */; };
		C77BC53A1F308873003FD813 /* PokeCell.swift in Sources */ = {isa = PBXBuildFile; fileRef = C77BC5391F308873003FD813 /* PokeCell.swift */; };
		C7C51DBE1F2F234E00F2F562 /* AppDelegate.swift in Sources */ = {isa = PBXBuildFile; fileRef = C7C51DBD1F2F234E00F2F562 /* AppDelegate.swift */; };
		C7C51DC01F2F234E00F2F562 /* ViewController.swift in Sources */ = {isa = PBXBuildFile; fileRef = C7C51DBF1F2F234E00F2F562 /* ViewController.swift */; };
		C7C51DC31F2F234E00F2F562 /* Main.storyboard in Resources */ = {isa = PBXBuildFile; fileRef = C7C51DC11F2F234E00F2F562 /* Main.storyboard */; };
		C7C51DC61F2F234E00F2F562 /* Pokedex.xcdatamodeld in Sources */ = {isa = PBXBuildFile; fileRef = C7C51DC41F2F234E00F2F562 /* Pokedex.xcdatamodeld */; };
		C7C51DC81F2F234E00F2F562 /* Assets.xcassets in Resources */ = {isa = PBXBuildFile; fileRef = C7C51DC71F2F234E00F2F562 /* Assets.xcassets */; };
		C7C51DCB1F2F234E00F2F562 /* LaunchScreen.storyboard in Resources */ = {isa = PBXBuildFile; fileRef = C7C51DC91F2F234E00F2F562 /* LaunchScreen.storyboard */; };
/* End PBXBuildFile section */

/* Begin PBXFileReference section */
		C77469FC1F31D1040076972E /* csv.swift */ = {isa = PBXFileReference; fileEncoding = 4; lastKnownFileType = sourcecode.swift; path = csv.swift; sourceTree = "<group>"; };
		C77469FE1F31EDBA0076972E /* Pokemon Solid.ttf */ = {isa = PBXFileReference; lastKnownFileType = file; path = "Pokemon Solid.ttf"; sourceTree = "<group>"; };
		C77BC5331F306CDC003FD813 /* pokemon.csv */ = {isa = PBXFileReference; fileEncoding = 4; lastKnownFileType = text; path = pokemon.csv; sourceTree = "<group>"; };
		C77BC5361F306F14003FD813 /* Pokemon.swift */ = {isa = PBXFileReference; fileEncoding = 4; lastKnownFileType = sourcecode.swift; path = Pokemon.swift; sourceTree = "<group>"; };
		C77BC5391F308873003FD813 /* PokeCell.swift */ = {isa = PBXFileReference; fileEncoding = 4; lastKnownFileType = sourcecode.swift; path = PokeCell.swift; sourceTree = "<group>"; };
		C7C51DBA1F2F234E00F2F562 /* Pokedex.app */ = {isa = PBXFileReference; explicitFileType = wrapper.application; includeInIndex = 0; path = Pokedex.app; sourceTree = BUILT_PRODUCTS_DIR; };
		C7C51DBD1F2F234E00F2F562 /* AppDelegate.swift */ = {isa = PBXFileReference; lastKnownFileType = sourcecode.swift; path = AppDelegate.swift; sourceTree = "<group>"; };
		C7C51DBF1F2F234E00F2F562 /* ViewController.swift */ = {isa = PBXFileReference; lastKnownFileType = sourcecode.swift; path = ViewController.swift; sourceTree = "<group>"; };
		C7C51DC21F2F234E00F2F562 /* Base */ = {isa = PBXFileReference; lastKnownFileType = file.storyboard; name = Base; path = Base.lproj/Main.storyboard; sourceTree = "<group>"; };
		C7C51DC51F2F234E00F2F562 /* Pokedex.xcdatamodel */ = {isa = PBXFileReference; lastKnownFileType = wrapper.xcdatamodel; path = Pokedex.xcdatamodel; sourceTree = "<group>"; };
		C7C51DC71F2F234E00F2F562 /* Assets.xcassets */ = {isa = PBXFileReference; lastKnownFileType = folder.assetcatalog; path = Assets.xcassets; sourceTree = "<group>"; };
		C7C51DCA1F2F234E00F2F562 /* Base */ = {isa = PBXFileReference; lastKnownFileType = file.storyboard; name = Base; path = Base.lproj/LaunchScreen.storyboard; sourceTree = "<group>"; };
		C7C51DCC1F2F234E00F2F562 /* Info.plist */ = {isa = PBXFileReference; lastKnownFileType = text.plist.xml; path = Info.plist; sourceTree = "<group>"; };
/* End PBXFileReference section */

/* Begin PBXFrameworksBuildPhase section */
		C7C51DB71F2F234E00F2F562 /* Frameworks */ = {
			isa = PBXFrameworksBuildPhase;
			buildActionMask = 2147483647;
			files = (
			);
			runOnlyForDeploymentPostprocessing = 0;
		};
/* End PBXFrameworksBuildPhase section */

/* Begin PBXGroup section */
		C7746A001F31EDE00076972E /* Controller */ = {
			isa = PBXGroup;
			children = (
				C7C51DBF1F2F234E00F2F562 /* ViewController.swift */,
			);
			name = Controller;
			sourceTree = "<group>";
		};
		C7746A011F31EE030076972E /* Res */ = {
			isa = PBXGroup;
			children = (
				C77BC5331F306CDC003FD813 /* pokemon.csv */,
				C77469FE1F31EDBA0076972E /* Pokemon Solid.ttf */,
			);
			name = Res;
			sourceTree = "<group>";
		};
		C7746A021F31EE400076972E /* Utill */ = {
			isa = PBXGroup;
			children = (
				C77469FC1F31D1040076972E /* csv.swift */,
			);
			name = Utill;
			sourceTree = "<group>";
		};
		C77BC5351F306EC8003FD813 /* Model */ = {
			isa = PBXGroup;
			children = (
				C77BC5361F306F14003FD813 /* Pokemon.swift */,
			);
			name = Model;
			sourceTree = "<group>";
		};
		C77BC5381F30884C003FD813 /* View */ = {
			isa = PBXGroup;
			children = (
				C77BC5391F308873003FD813 /* PokeCell.swift */,
			);
			name = View;
			sourceTree = "<group>";
		};
		C7C51DB11F2F234E00F2F562 = {
			isa = PBXGroup;
			children = (
				C7C51DBC1F2F234E00F2F562 /* Pokedex */,
				C7C51DBB1F2F234E00F2F562 /* Products */,
			);
			sourceTree = "<group>";
		};
		C7C51DBB1F2F234E00F2F562 /* Products */ = {
			isa = PBXGroup;
			children = (
				C7C51DBA1F2F234E00F2F562 /* Pokedex.app */,
			);
			name = Products;
			sourceTree = "<group>";
		};
		C7C51DBC1F2F234E00F2F562 /* Pokedex */ = {
			isa = PBXGroup;
			children = (
				C7746A021F31EE400076972E /* Utill */,
				C7746A011F31EE030076972E /* Res */,
				C7746A001F31EDE00076972E /* Controller */,
				C77BC5381F30884C003FD813 /* View */,
				C77BC5351F306EC8003FD813 /* Model */,
				C7C51DBD1F2F234E00F2F562 /* AppDelegate.swift */,
				C7C51DC11F2F234E00F2F562 /* Main.storyboard */,
				C7C51DC71F2F234E00F2F562 /* Assets.xcassets */,
				C7C51DC91F2F234E00F2F562 /* LaunchScreen.storyboard */,
				C7C51DCC1F2F234E00F2F562 /* Info.plist */,
				C7C51DC41F2F234E00F2F562 /* Pokedex.xcdatamodeld */,
			);
			path = Pokedex;
			sourceTree = "<group>";
		};
/* End PBXGroup section */

/* Begin PBXNativeTarget section */
		C7C51DB91F2F234E00F2F562 /* Pokedex */ = {
			isa = PBXNativeTarget;
			buildConfigurationList = C7C51DCF1F2F234E00F2F562 /* Build configuration list for PBXNativeTarget "Pokedex" */;
			buildPhases = (
				C7C51DB61F2F234E00F2F562 /* Sources */,
				C7C51DB71F2F234E00F2F562 /* Frameworks */,
				C7C51DB81F2F234E00F2F562 /* Resources */,
			);
			buildRules = (
			);
			dependencies = (
			);
			name = Pokedex;
			productName = Pokedex;
			productReference = C7C51DBA1F2F234E00F2F562 /* Pokedex.app */;
			productType = "com.apple.product-type.application";
		};
/* End PBXNativeTarget section */

/* Begin PBXProject section */
		C7C51DB21F2F234E00F2F562 /* Project object */ = {
			isa = PBXProject;
			attributes = {
				LastSwiftUpdateCheck = 0830;
				LastUpgradeCheck = 0830;
				ORGANIZATIONNAME = Megazy;
				TargetAttributes = {
					C7C51DB91F2F234E00F2F562 = {
						CreatedOnToolsVersion = 8.3.2;
						LastSwiftMigration = 0830;
						ProvisioningStyle = Automatic;
					};
				};
			};
			buildConfigurationList = C7C51DB51F2F234E00F2F562 /* Build configuration list for PBXProject "Pokedex" */;
			compatibilityVersion = "Xcode 3.2";
			developmentRegion = English;
			hasScannedForEncodings = 0;
			knownRegions = (
				en,
				Base,
			);
			mainGroup = C7C51DB11F2F234E00F2F562;
			productRefGroup = C7C51DBB1F2F234E00F2F562 /* Products */;
			projectDirPath = "";
			projectRoot = "";
			targets = (
				C7C51DB91F2F234E00F2F562 /* Pokedex */,
			);
		};
/* End PBXProject section */

/* Begin PBXResourcesBuildPhase section */
		C7C51DB81F2F234E00F2F562 /* Resources */ = {
			isa = PBXResourcesBuildPhase;
			buildActionMask = 2147483647;
			files = (
				C77469FF1F31EDBA0076972E /* Pokemon Solid.ttf in Resources */,
				C7C51DCB1F2F234E00F2F562 /* LaunchScreen.storyboard in Resources */,
				C7C51DC81F2F234E00F2F562 /* Assets.xcassets in Resources */,
				C77BC5341F306CDC003FD813 /* pokemon.csv in Resources */,
				C7C51DC31F2F234E00F2F562 /* Main.storyboard in Resources */,
			);
			runOnlyForDeploymentPostprocessing = 0;
		};
/* End PBXResourcesBuildPhase section */

/* Begin PBXSourcesBuildPhase section */
		C7C51DB61F2F234E00F2F562 /* Sources */ = {
			isa = PBXSourcesBuildPhase;
			buildActionMask = 2147483647;
			files = (
				C77469FD1F31D1040076972E /* csv.swift in Sources */,
				C7C51DC01F2F234E00F2F562 /* ViewController.swift in Sources */,
				C77BC5371F306F14003FD813 /* Pokemon.swift in Sources */,
				C7C51DC61F2F234E00F2F562 /* Pokedex.xcdatamodeld in Sources */,
				C7C51DBE1F2F234E00F2F562 /* AppDelegate.swift in Sources */,
				C77BC53A1F308873003FD813 /* PokeCell.swift in Sources */,
			);
			runOnlyForDeploymentPostprocessing = 0;
		};
/* End PBXSourcesBuildPhase section */

/* Begin PBXVariantGroup section */
		C7C51DC11F2F234E00F2F562 /* Main.storyboard */ = {
			isa = PBXVariantGroup;
			children = (
				C7C51DC21F2F234E00F2F562 /* Base */,
			);
			name = Main.storyboard;
			sourceTree = "<group>";
		};
		C7C51DC91F2F234E00F2F562 /* LaunchScreen.storyboard */ = {
			isa = PBXVariantGroup;
			children = (
				C7C51DCA1F2F234E00F2F562 /* Base */,
			);
			name = LaunchScreen.storyboard;
			sourceTree = "<group>";
		};
/* End PBXVariantGroup section */

/* Begin XCBuildConfiguration section */
		C7C51DCD1F2F234E00F2F562 /* Debug */ = {
			isa = XCBuildConfiguration;
			buildSettings = {
				ALWAYS_SEARCH_USER_PATHS = NO;
				CLANG_ANALYZER_NONNULL = YES;
				CLANG_ANALYZER_NUMBER_OBJECT_CONVERSION = YES_AGGRESSIVE;
				CLANG_CXX_LANGUAGE_STANDARD = "gnu++0x";
				CLANG_CXX_LIBRARY = "libc++";
				CLANG_ENABLE_MODULES = YES;
				CLANG_ENABLE_OBJC_ARC = YES;
				CLANG_WARN_BOOL_CONVERSION = YES;
				CLANG_WARN_CONSTANT_CONVERSION = YES;
				CLANG_WARN_DIRECT_OBJC_ISA_USAGE = YES_ERROR;
				CLANG_WARN_DOCUMENTATION_COMMENTS = YES;
				CLANG_WARN_EMPTY_BODY = YES;
				CLANG_WARN_ENUM_CONVERSION = YES;
				CLANG_WARN_INFINITE_RECURSION = YES;
				CLANG_WARN_INT_CONVERSION = YES;
				CLANG_WARN_OBJC_ROOT_CLASS = YES_ERROR;
				CLANG_WARN_SUSPICIOUS_MOVE = YES;
				CLANG_WARN_UNREACHABLE_CODE = YES;
				CLANG_WARN__DUPLICATE_METHOD_MATCH = YES;
				"CODE_SIGN_IDENTITY[sdk=iphoneos*]" = "iPhone Developer";
				COPY_PHASE_STRIP = NO;
				DEBUG_INFORMATION_FORMAT = dwarf;
				ENABLE_STRICT_OBJC_MSGSEND = YES;
				ENABLE_TESTABILITY = YES;
				GCC_C_LANGUAGE_STANDARD = gnu99;
				GCC_DYNAMIC_NO_PIC = NO;
				GCC_NO_COMMON_BLOCKS = YES;
				GCC_OPTIMIZATION_LEVEL = 0;
				GCC_PREPROCESSOR_DEFINITIONS = (
					"DEBUG=1",
					"$(inherited)",
				);
				GCC_WARN_64_TO_32_BIT_CONVERSION = YES;
				GCC_WARN_ABOUT_RETURN_TYPE = YES_ERROR;
				GCC_WARN_UNDECLARED_SELECTOR = YES;
				GCC_WARN_UNINITIALIZED_AUTOS = YES_AGGRESSIVE;
				GCC_WARN_UNUSED_FUNCTION = YES;
				GCC_WARN_UNUSED_VARIABLE = YES;
				IPHONEOS_DEPLOYMENT_TARGET = 10.3;
				MTL_ENABLE_DEBUG_INFO = YES;
				ONLY_ACTIVE_ARCH = YES;
				SDKROOT = iphoneos;
				SWIFT_ACTIVE_COMPILATION_CONDITIONS = DEBUG;
				SWIFT_OPTIMIZATION_LEVEL = "-Onone";
			};
			name = Debug;
		};
		C7C51DCE1F2F234E00F2F562 /* Release */ = {
			isa = XCBuildConfiguration;
			buildSettings = {
				ALWAYS_SEARCH_USER_PATHS = NO;
				CLANG_ANALYZER_NONNULL = YES;
				CLANG_ANALYZER_NUMBER_OBJECT_CONVERSION = YES_AGGRESSIVE;
				CLANG_CXX_LANGUAGE_STANDARD = "gnu++0x";
				CLANG_CXX_LIBRARY = "libc++";
				CLANG_ENABLE_MODULES = YES;
				CLANG_ENABLE_OBJC_ARC = YES;
				CLANG_WARN_BOOL_CONVERSION = YES;
				CLANG_WARN_CONSTANT_CONVERSION = YES;
				CLANG_WARN_DIRECT_OBJC_ISA_USAGE = YES_ERROR;
				CLANG_WARN_DOCUMENTATION_COMMENTS = YES;
				CLANG_WARN_EMPTY_BODY = YES;
				CLANG_WARN_ENUM_CONVERSION = YES;
				CLANG_WARN_INFINITE_RECURSION = YES;
				CLANG_WARN_INT_CONVERSION = YES;
				CLANG_WARN_OBJC_ROOT_CLASS = YES_ERROR;
				CLANG_WARN_SUSPICIOUS_MOVE = YES;
				CLANG_WARN_UNREACHABLE_CODE = YES;
				CLANG_WARN__DUPLICATE_METHOD_MATCH = YES;
				"CODE_SIGN_IDENTITY[sdk=iphoneos*]" = "iPhone Developer";
				COPY_PHASE_STRIP = NO;
				DEBUG_INFORMATION_FORMAT = "dwarf-with-dsym";
				ENABLE_NS_ASSERTIONS = NO;
				ENABLE_STRICT_OBJC_MSGSEND = YES;
				GCC_C_LANGUAGE_STANDARD = gnu99;
				GCC_NO_COMMON_BLOCKS = YES;
				GCC_WARN_64_TO_32_BIT_CONVERSION = YES;
				GCC_WARN_ABOUT_RETURN_TYPE = YES_ERROR;
				GCC_WARN_UNDECLARED_SELECTOR = YES;
				GCC_WARN_UNINITIALIZED_AUTOS = YES_AGGRESSIVE;
				GCC_WARN_UNUSED_FUNCTION = YES;
				GCC_WARN_UNUSED_VARIABLE = YES;
				IPHONEOS_DEPLOYMENT_TARGET = 10.3;
				MTL_ENABLE_DEBUG_INFO = NO;
				SDKROOT = iphoneos;
				SWIFT_OPTIMIZATION_LEVEL = "-Owholemodule";
				VALIDATE_PRODUCT = YES;
			};
			name = Release;
		};
		C7C51DD01F2F234E00F2F562 /* Debug */ = {
			isa = XCBuildConfiguration;
			buildSettings = {
				ASSETCATALOG_COMPILER_APPICON_NAME = AppIcon;
				INFOPLIST_FILE = Pokedex/Info.plist;
				LD_RUNPATH_SEARCH_PATHS = "$(inherited) @executable_path/Frameworks";
				PRODUCT_BUNDLE_IDENTIFIER = Chonlavit.Pokedex;
				PRODUCT_NAME = "$(TARGET_NAME)";
				SWIFT_VERSION = 3.0;
			};
			name = Debug;
		};
		C7C51DD11F2F234E00F2F562 /* Release */ = {
			isa = XCBuildConfiguration;
			buildSettings = {
				ASSETCATALOG_COMPILER_APPICON_NAME = AppIcon;
				INFOPLIST_FILE = Pokedex/Info.plist;
				LD_RUNPATH_SEARCH_PATHS = "$(inherited) @executable_path/Frameworks";
				PRODUCT_BUNDLE_IDENTIFIER = Chonlavit.Pokedex;
				PRODUCT_NAME = "$(TARGET_NAME)";
				SWIFT_VERSION = 3.0;
			};
			name = Release;
		};
/* End XCBuildConfiguration section */

/* Begin XCConfigurationList section */
		C7C51DB51F2F234E00F2F562 /* Build configuration list for PBXProject "Pokedex" */ = {
			isa = XCConfigurationList;
			buildConfigurations = (
				C7C51DCD1F2F234E00F2F562 /* Debug */,
				C7C51DCE1F2F234E00F2F562 /* Release */,
			);
			defaultConfigurationIsVisible = 0;
			defaultConfigurationName = Release;
		};
		C7C51DCF1F2F234E00F2F562 /* Build configuration list for PBXNativeTarget "Pokedex" */ = {
			isa = XCConfigurationList;
			buildConfigurations = (
				C7C51DD01F2F234E00F2F562 /* Debug */,
				C7C51DD11F2F234E00F2F562 /* Release */,
			);
			defaultConfigurationIsVisible = 0;
			defaultConfigurationName = Release;
		};
/* End XCConfigurationList section */

/* Begin XCVersionGroup section */
		C7C51DC41F2F234E00F2F562 /* Pokedex.xcdatamodeld */ = {
			isa = XCVersionGroup;
			children = (
				C7C51DC51F2F234E00F2F562 /* Pokedex.xcdatamodel */,
			);
			currentVersion = C7C51DC51F2F234E00F2F562 /* Pokedex.xcdatamodel */;
			path = Pokedex.xcdatamodeld;
			sourceTree = "<group>";
			versionGroupType = wrapper.xcdatamodel;
		};
/* End XCVersionGroup section */
	};
	rootObject = C7C51DB21F2F234E00F2F562 /* Project object */;
}
